lockfileVersion: '9.0'

settings:
  autoInstallPeers: true
  excludeLinksFromLockfile: false

importers:

  .: {}

  apps/backend:
    dependencies:
      express:
        specifier: ^4.19.2
        version: 4.19.2
    devDependencies:
      '@types/express':
        specifier: ^4.17.21
        version: 4.17.21

  apps/frontend:
    dependencies:
      '@radix-ui/react-slot':
        specifier: ^1.1.0
        version: 1.1.0
